
Microsoft Visual Studio Solution File, Format Version 12.00
# Visual Studio 15
VisualStudioVersion = 15.0.28307.421
MinimumVisualStudioVersion = 10.0.40219.1
Project("{FAE04EC0-301F-11D3-BF4B-00C04F79EFBC}") = "TestScript", "TestScript\TestScript.csproj", "{79B473DD-3758-4E72-8B9B-9042D798D89C}"
EndProject
Global
	GlobalSection(SolutionConfigurationPlatforms) = preSolution
		Debug|Any CPU = Debug|Any CPU
		Release|Any CPU = Release|Any CPU
	EndGlobalSection
	GlobalSection(ProjectConfigurationPlatforms) = postSolution
		{79B473DD-3758-4E72-8B9B-9042D798D89C}.Debug|Any CPU.ActiveCfg = Debug|Any CPU
		{79B473DD-3758-4E72-8B9B-9042D798D89C}.Debug|Any CPU.Build.0 = Debug|Any CPU
		{79B473DD-3758-4E72-8B9B-9042D798D89C}.Release|Any CPU.ActiveCfg = Release|Any CPU
		{79B473DD-3758-4E72-8B9B-9042D798D89C}.Release|Any CPU.Build.0 = Release|Any CPU
	EndGlobalSection
	GlobalSection(SolutionProperties) = preSolution
		HideSolutionNode = FALSE
	EndGlobalSection
	GlobalSection(ExtensibilityGlobals) = postSolution
		SolutionGuid = {6A36ABC4-3C71-4600-825F-9AB89EF60A58}
	EndGlobalSection
EndGlobal
